// !$*UTF8*$!
{
	archiveVersion = 1;
	classes = {
	};
	objectVersion = 46;
	objects = {

/* Begin PBXBuildFile section */
		50CF34EB17E1F27B0072D883 /* Foundation.framework in Frameworks */ = {isa = PBXBuildFile; fileRef = 50CF34EA17E1F27B0072D883 /* Foundation.framework */; };
		50CF34ED17E1F27B0072D883 /* CoreGraphics.framework in Frameworks */ = {isa = PBXBuildFile; fileRef = 50CF34EC17E1F27B0072D883 /* CoreGraphics.framework */; };
		50CF34EF17E1F27B0072D883 /* UIKit.framework in Frameworks */ = {isa = PBXBuildFile; fileRef = 50CF34EE17E1F27B0072D883 /* UIKit.framework */; };
		50CF34F517E1F27B0072D883 /* InfoPlist.strings in Resources */ = {isa = PBXBuildFile; fileRef = 50CF34F317E1F27B0072D883 /* InfoPlist.strings */; };
		50CF34F717E1F27B0072D883 /* main.m in Sources */ = {isa = PBXBuildFile; fileRef = 50CF34F617E1F27B0072D883 /* main.m */; };
		50CF34FB17E1F27B0072D883 /* BCUAppDelegate.m in Sources */ = {isa = PBXBuildFile; fileRef = 50CF34FA17E1F27B0072D883 /* BCUAppDelegate.m */; };
		50CF34FE17E1F27B0072D883 /* Main.storyboard in Resources */ = {isa = PBXBuildFile; fileRef = 50CF34FC17E1F27B0072D883 /* Main.storyboard */; };
		50CF350117E1F27B0072D883 /* BCUViewController.m in Sources */ = {isa = PBXBuildFile; fileRef = 50CF350017E1F27B0072D883 /* BCUViewController.m */; };
		50CF350317E1F27B0072D883 /* Images.xcassets in Resources */ = {isa = PBXBuildFile; fileRef = 50CF350217E1F27B0072D883 /* Images.xcassets */; };
		50CF350A17E1F27B0072D883 /* XCTest.framework in Frameworks */ = {isa = PBXBuildFile; fileRef = 50CF350917E1F27B0072D883 /* XCTest.framework */; };
		50CF350B17E1F27B0072D883 /* Foundation.framework in Frameworks */ = {isa = PBXBuildFile; fileRef = 50CF34EA17E1F27B0072D883 /* Foundation.framework */; };
		50CF350C17E1F27B0072D883 /* UIKit.framework in Frameworks */ = {isa = PBXBuildFile; fileRef = 50CF34EE17E1F27B0072D883 /* UIKit.framework */; };
		50CF351417E1F27B0072D883 /* InfoPlist.strings in Resources */ = {isa = PBXBuildFile; fileRef = 50CF351217E1F27B0072D883 /* InfoPlist.strings */; };
		50CF351617E1F27B0072D883 /* BlueCue_iPhoneTests.m in Sources */ = {isa = PBXBuildFile; fileRef = 50CF351517E1F27B0072D883 /* BlueCue_iPhoneTests.m */; };
/* End PBXBuildFile section */

/* Begin PBXContainerItemProxy section */
		50CF350D17E1F27B0072D883 /* PBXContainerItemProxy */ = {
			isa = PBXContainerItemProxy;
			containerPortal = 50CF34DF17E1F27B0072D883 /* Project object */;
			proxyType = 1;
			remoteGlobalIDString = 50CF34E617E1F27B0072D883;
			remoteInfo = "BlueCue iPhone";
		};
/* End PBXContainerItemProxy section */

/* Begin PBXFileReference section */
		50CF34E717E1F27B0072D883 /* BlueCue iPhone.app */ = {isa = PBXFileReference; explicitFileType = wrapper.application; includeInIndex = 0; path = "BlueCue iPhone.app"; sourceTree = BUILT_PRODUCTS_DIR; };
		50CF34EA17E1F27B0072D883 /* Foundation.framework */ = {isa = PBXFileReference; lastKnownFileType = wrapper.framework; name = Foundation.framework; path = System/Library/Frameworks/Foundation.framework; sourceTree = SDKROOT; };
		50CF34EC17E1F27B0072D883 /* CoreGraphics.framework */ = {isa = PBXFileReference; lastKnownFileType = wrapper.framework; name = CoreGraphics.framework; path = System/Library/Frameworks/CoreGraphics.framework; sourceTree = SDKROOT; };
		50CF34EE17E1F27B0072D883 /* UIKit.framework */ = {isa = PBXFileReference; lastKnownFileType = wrapper.framework; name = UIKit.framework; path = System/Library/Frameworks/UIKit.framework; sourceTree = SDKROOT; };
		50CF34F217E1F27B0072D883 /* BlueCue iPhone-Info.plist */ = {isa = PBXFileReference; lastKnownFileType = text.plist.xml; path = "BlueCue iPhone-Info.plist"; sourceTree = "<group>"; };
		50CF34F417E1F27B0072D883 /* en */ = {isa = PBXFileReference; lastKnownFileType = text.plist.strings; name = en; path = en.lproj/InfoPlist.strings; sourceTree = "<group>"; };
		50CF34F617E1F27B0072D883 /* main.m */ = {isa = PBXFileReference; lastKnownFileType = sourcecode.c.objc; path = main.m; sourceTree = "<group>"; };
		50CF34F817E1F27B0072D883 /* BlueCue iPhone-Prefix.pch */ = {isa = PBXFileReference; lastKnownFileType = sourcecode.c.h; path = "BlueCue iPhone-Prefix.pch"; sourceTree = "<group>"; };
		50CF34F917E1F27B0072D883 /* BCUAppDelegate.h */ = {isa = PBXFileReference; lastKnownFileType = sourcecode.c.h; path = BCUAppDelegate.h; sourceTree = "<group>"; };
		50CF34FA17E1F27B0072D883 /* BCUAppDelegate.m */ = {isa = PBXFileReference; lastKnownFileType = sourcecode.c.objc; path = BCUAppDelegate.m; sourceTree = "<group>"; };
		50CF34FD17E1F27B0072D883 /* Base */ = {isa = PBXFileReference; lastKnownFileType = file.storyboard; name = Base; path = Base.lproj/Main.storyboard; sourceTree = "<group>"; };
		50CF34FF17E1F27B0072D883 /* BCUViewController.h */ = {isa = PBXFileReference; lastKnownFileType = sourcecode.c.h; path = BCUViewController.h; sourceTree = "<group>"; };
		50CF350017E1F27B0072D883 /* BCUViewController.m */ = {isa = PBXFileReference; lastKnownFileType = sourcecode.c.objc; path = BCUViewController.m; sourceTree = "<group>"; };
		50CF350217E1F27B0072D883 /* Images.xcassets */ = {isa = PBXFileReference; lastKnownFileType = folder.assetcatalog; path = Images.xcassets; sourceTree = "<group>"; };
		50CF350817E1F27B0072D883 /* BlueCue iPhoneTests.xctest */ = {isa = PBXFileReference; explicitFileType = wrapper.cfbundle; includeInIndex = 0; path = "BlueCue iPhoneTests.xctest"; sourceTree = BUILT_PRODUCTS_DIR; };
		50CF350917E1F27B0072D883 /* XCTest.framework */ = {isa = PBXFileReference; lastKnownFileType = wrapper.framework; name = XCTest.framework; path = Library/Frameworks/XCTest.framework; sourceTree = DEVELOPER_DIR; };
		50CF351117E1F27B0072D883 /* BlueCue iPhoneTests-Info.plist */ = {isa = PBXFileReference; lastKnownFileType = text.plist.xml; path = "BlueCue iPhoneTests-Info.plist"; sourceTree = "<group>"; };
		50CF351317E1F27B0072D883 /* en */ = {isa = PBXFileReference; lastKnownFileType = text.plist.strings; name = en; path = en.lproj/InfoPlist.strings; sourceTree = "<group>"; };
		50CF351517E1F27B0072D883 /* BlueCue_iPhoneTests.m */ = {isa = PBXFileReference; lastKnownFileType = sourcecode.c.objc; path = BlueCue_iPhoneTests.m; sourceTree = "<group>"; };
/* End PBXFileReference section */

/* Begin PBXFrameworksBuildPhase section */
		50CF34E417E1F27B0072D883 /* Frameworks */ = {
			isa = PBXFrameworksBuildPhase;
			buildActionMask = 2147483647;
			files = (
				50CF34ED17E1F27B0072D883 /* CoreGraphics.framework in Frameworks */,
				50CF34EF17E1F27B0072D883 /* UIKit.framework in Frameworks */,
				50CF34EB17E1F27B0072D883 /* Foundation.framework in Frameworks */,
			);
			runOnlyForDeploymentPostprocessing = 0;
		};
		50CF350517E1F27B0072D883 /* Frameworks */ = {
			isa = PBXFrameworksBuildPhase;
			buildActionMask = 2147483647;
			files = (
				50CF350A17E1F27B0072D883 /* XCTest.framework in Frameworks */,
				50CF350C17E1F27B0072D883 /* UIKit.framework in Frameworks */,
				50CF350B17E1F27B0072D883 /* Foundation.framework in Frameworks */,
			);
			runOnlyForDeploymentPostprocessing = 0;
		};
/* End PBXFrameworksBuildPhase section */

/* Begin PBXGroup section */
		50CF34DE17E1F27B0072D883 = {
			isa = PBXGroup;
			children = (
				50CF34F017E1F27B0072D883 /* BlueCue iPhone */,
				50CF350F17E1F27B0072D883 /* BlueCue iPhoneTests */,
				50CF34E917E1F27B0072D883 /* Frameworks */,
				50CF34E817E1F27B0072D883 /* Products */,
			);
			sourceTree = "<group>";
		};
		50CF34E817E1F27B0072D883 /* Products */ = {
			isa = PBXGroup;
			children = (
				50CF34E717E1F27B0072D883 /* BlueCue iPhone.app */,
				50CF350817E1F27B0072D883 /* BlueCue iPhoneTests.xctest */,
			);
			name = Products;
			sourceTree = "<group>";
		};
		50CF34E917E1F27B0072D883 /* Frameworks */ = {
			isa = PBXGroup;
			children = (
				50CF34EA17E1F27B0072D883 /* Foundation.framework */,
				50CF34EC17E1F27B0072D883 /* CoreGraphics.framework */,
				50CF34EE17E1F27B0072D883 /* UIKit.framework */,
				50CF350917E1F27B0072D883 /* XCTest.framework */,
			);
			name = Frameworks;
			sourceTree = "<group>";
		};
		50CF34F017E1F27B0072D883 /* BlueCue iPhone */ = {
			isa = PBXGroup;
			children = (
				50CF34F917E1F27B0072D883 /* BCUAppDelegate.h */,
				50CF34FA17E1F27B0072D883 /* BCUAppDelegate.m */,
				50CF34FC17E1F27B0072D883 /* Main.storyboard */,
				50CF34FF17E1F27B0072D883 /* BCUViewController.h */,
				50CF350017E1F27B0072D883 /* BCUViewController.m */,
				50CF350217E1F27B0072D883 /* Images.xcassets */,
				50CF34F117E1F27B0072D883 /* Supporting Files */,
			);
			path = "BlueCue iPhone";
			sourceTree = "<group>";
		};
		50CF34F117E1F27B0072D883 /* Supporting Files */ = {
			isa = PBXGroup;
			children = (
				50CF34F217E1F27B0072D883 /* BlueCue iPhone-Info.plist */,
				50CF34F317E1F27B0072D883 /* InfoPlist.strings */,
				50CF34F617E1F27B0072D883 /* main.m */,
				50CF34F817E1F27B0072D883 /* BlueCue iPhone-Prefix.pch */,
			);
			name = "Supporting Files";
			sourceTree = "<group>";
		};
		50CF350F17E1F27B0072D883 /* BlueCue iPhoneTests */ = {
			isa = PBXGroup;
			children = (
				50CF351517E1F27B0072D883 /* BlueCue_iPhoneTests.m */,
				50CF351017E1F27B0072D883 /* Supporting Files */,
			);
			path = "BlueCue iPhoneTests";
			sourceTree = "<group>";
		};
		50CF351017E1F27B0072D883 /* Supporting Files */ = {
			isa = PBXGroup;
			children = (
				50CF351117E1F27B0072D883 /* BlueCue iPhoneTests-Info.plist */,
				50CF351217E1F27B0072D883 /* InfoPlist.strings */,
			);
			name = "Supporting Files";
			sourceTree = "<group>";
		};
/* End PBXGroup section */

/* Begin PBXNativeTarget section */
		50CF34E617E1F27B0072D883 /* BlueCue iPhone */ = {
			isa = PBXNativeTarget;
			buildConfigurationList = 50CF351917E1F27B0072D883 /* Build configuration list for PBXNativeTarget "BlueCue iPhone" */;
			buildPhases = (
				50CF34E317E1F27B0072D883 /* Sources */,
				50CF34E417E1F27B0072D883 /* Frameworks */,
				50CF34E517E1F27B0072D883 /* Resources */,
			);
			buildRules = (
			);
			dependencies = (
			);
			name = "BlueCue iPhone";
			productName = "BlueCue iPhone";
			productReference = 50CF34E717E1F27B0072D883 /* BlueCue iPhone.app */;
			productType = "com.apple.product-type.application";
		};
		50CF350717E1F27B0072D883 /* BlueCue iPhoneTests */ = {
			isa = PBXNativeTarget;
			buildConfigurationList = 50CF351C17E1F27B0072D883 /* Build configuration list for PBXNativeTarget "BlueCue iPhoneTests" */;
			buildPhases = (
				50CF350417E1F27B0072D883 /* Sources */,
				50CF350517E1F27B0072D883 /* Frameworks */,
				50CF350617E1F27B0072D883 /* Resources */,
			);
			buildRules = (
			);
			dependencies = (
				50CF350E17E1F27B0072D883 /* PBXTargetDependency */,
			);
			name = "BlueCue iPhoneTests";
			productName = "BlueCue iPhoneTests";
			productReference = 50CF350817E1F27B0072D883 /* BlueCue iPhoneTests.xctest */;
			productType = "com.apple.product-type.bundle.unit-test";
		};
/* End PBXNativeTarget section */

/* Begin PBXProject section */
		50CF34DF17E1F27B0072D883 /* Project object */ = {
			isa = PBXProject;
			attributes = {
				CLASSPREFIX = BCU;
				LastUpgradeCheck = 0500;
				ORGANIZATIONNAME = "Jamie Pinkham";
				TargetAttributes = {
					50CF350717E1F27B0072D883 = {
						TestTargetID = 50CF34E617E1F27B0072D883;
					};
				};
			};
			buildConfigurationList = 50CF34E217E1F27B0072D883 /* Build configuration list for PBXProject "BlueCue iPhone" */;
			compatibilityVersion = "Xcode 3.2";
			developmentRegion = English;
			hasScannedForEncodings = 0;
			knownRegions = (
				en,
				Base,
			);
			mainGroup = 50CF34DE17E1F27B0072D883;
			productRefGroup = 50CF34E817E1F27B0072D883 /* Products */;
			projectDirPath = "";
			projectRoot = "";
			targets = (
				50CF34E617E1F27B0072D883 /* BlueCue iPhone */,
				50CF350717E1F27B0072D883 /* BlueCue iPhoneTests */,
			);
		};
/* End PBXProject section */

/* Begin PBXResourcesBuildPhase section */
		50CF34E517E1F27B0072D883 /* Resources */ = {
			isa = PBXResourcesBuildPhase;
			buildActionMask = 2147483647;
			files = (
				50CF350317E1F27B0072D883 /* Images.xcassets in Resources */,
				50CF34F517E1F27B0072D883 /* InfoPlist.strings in Resources */,
				50CF34FE17E1F27B0072D883 /* Main.storyboard in Resources */,
			);
			runOnlyForDeploymentPostprocessing = 0;
		};
		50CF350617E1F27B0072D883 /* Resources */ = {
			isa = PBXResourcesBuildPhase;
			buildActionMask = 2147483647;
			files = (
				50CF351417E1F27B0072D883 /* InfoPlist.strings in Resources */,
			);
			runOnlyForDeploymentPostprocessing = 0;
		};
/* End PBXResourcesBuildPhase section */

/* Begin PBXSourcesBuildPhase section */
		50CF34E317E1F27B0072D883 /* Sources */ = {
			isa = PBXSourcesBuildPhase;
			buildActionMask = 2147483647;
			files = (
				50CF34F717E1F27B0072D883 /* main.m in Sources */,
				50CF350117E1F27B0072D883 /* BCUViewController.m in Sources */,
				50CF34FB17E1F27B0072D883 /* BCUAppDelegate.m in Sources */,
			);
			runOnlyForDeploymentPostprocessing = 0;
		};
		50CF350417E1F27B0072D883 /* Sources */ = {
			isa = PBXSourcesBuildPhase;
			buildActionMask = 2147483647;
			files = (
				50CF351617E1F27B0072D883 /* BlueCue_iPhoneTests.m in Sources */,
			);
			runOnlyForDeploymentPostprocessing = 0;
		};
/* End PBXSourcesBuildPhase section */

/* Begin PBXTargetDependency section */
		50CF350E17E1F27B0072D883 /* PBXTargetDependency */ = {
			isa = PBXTargetDependency;
			target = 50CF34E617E1F27B0072D883 /* BlueCue iPhone */;
			targetProxy = 50CF350D17E1F27B0072D883 /* PBXContainerItemProxy */;
		};
/* End PBXTargetDependency section */

/* Begin PBXVariantGroup section */
		50CF34F317E1F27B0072D883 /* InfoPlist.strings */ = {
			isa = PBXVariantGroup;
			children = (
				50CF34F417E1F27B0072D883 /* en */,
			);
			name = InfoPlist.strings;
			sourceTree = "<group>";
		};
		50CF34FC17E1F27B0072D883 /* Main.storyboard */ = {
			isa = PBXVariantGroup;
			children = (
				50CF34FD17E1F27B0072D883 /* Base */,
			);
			name = Main.storyboard;
			sourceTree = "<group>";
		};
		50CF351217E1F27B0072D883 /* InfoPlist.strings */ = {
			isa = PBXVariantGroup;
			children = (
				50CF351317E1F27B0072D883 /* en */,
			);
			name = InfoPlist.strings;
			sourceTree = "<group>";
		};
/* End PBXVariantGroup section */

/* Begin XCBuildConfiguration section */
		50CF351717E1F27B0072D883 /* Debug */ = {
			isa = XCBuildConfiguration;
			buildSettings = {
				ALWAYS_SEARCH_USER_PATHS = NO;
				ARCHS = "$(ARCHS_STANDARD_INCLUDING_64_BIT)";
				CLANG_CXX_LANGUAGE_STANDARD = "gnu++0x";
				CLANG_CXX_LIBRARY = "libc++";
				CLANG_ENABLE_MODULES = YES;
				CLANG_ENABLE_OBJC_ARC = YES;
				CLANG_WARN_BOOL_CONVERSION = YES;
				CLANG_WARN_CONSTANT_CONVERSION = YES;
				CLANG_WARN_DIRECT_OBJC_ISA_USAGE = YES_ERROR;
				CLANG_WARN_EMPTY_BODY = YES;
				CLANG_WARN_ENUM_CONVERSION = YES;
				CLANG_WARN_INT_CONVERSION = YES;
				CLANG_WARN_OBJC_ROOT_CLASS = YES_ERROR;
				CLANG_WARN__DUPLICATE_METHOD_MATCH = YES;
				"CODE_SIGN_IDENTITY[sdk=iphoneos*]" = "iPhone Developer";
				COPY_PHASE_STRIP = NO;
				GCC_C_LANGUAGE_STANDARD = gnu99;
				GCC_DYNAMIC_NO_PIC = NO;
				GCC_OPTIMIZATION_LEVEL = 0;
				GCC_PREPROCESSOR_DEFINITIONS = (
					"DEBUG=1",
					"$(inherited)",
				);
				GCC_SYMBOLS_PRIVATE_EXTERN = NO;
				GCC_WARN_64_TO_32_BIT_CONVERSION = YES;
				GCC_WARN_ABOUT_RETURN_TYPE = YES_ERROR;
				GCC_WARN_UNDECLARED_SELECTOR = YES;
				GCC_WARN_UNINITIALIZED_AUTOS = YES;
				GCC_WARN_UNUSED_FUNCTION = YES;
				GCC_WARN_UNUSED_VARIABLE = YES;
				IPHONEOS_DEPLOYMENT_TARGET = 7.0;
				ONLY_ACTIVE_ARCH = YES;
				SDKROOT = iphoneos;
			};
			name = Debug;
		};
		50CF351817E1F27B0072D883 /* Release */ = {
			isa = XCBuildConfiguration;
			buildSettings = {
				ALWAYS_SEARCH_USER_PATHS = NO;
				ARCHS = "$(ARCHS_STANDARD_INCLUDING_64_BIT)";
				CLANG_CXX_LANGUAGE_STANDARD = "gnu++0x";
				CLANG_CXX_LIBRARY = "libc++";
				CLANG_ENABLE_MODULES = YES;
				CLANG_ENABLE_OBJC_ARC = YES;
				CLANG_WARN_BOOL_CONVERSION = YES;
				CLANG_WARN_CONSTANT_CONVERSION = YES;
				CLANG_WARN_DIRECT_OBJC_ISA_USAGE = YES_ERROR;
				CLANG_WARN_EMPTY_BODY = YES;
				CLANG_WARN_ENUM_CONVERSION = YES;
				CLANG_WARN_INT_CONVERSION = YES;
				CLANG_WARN_OBJC_ROOT_CLASS = YES_ERROR;
				CLANG_WARN__DUPLICATE_METHOD_MATCH = YES;
				"CODE_SIGN_IDENTITY[sdk=iphoneos*]" = "iPhone Developer";
				COPY_PHASE_STRIP = YES;
				ENABLE_NS_ASSERTIONS = NO;
				GCC_C_LANGUAGE_STANDARD = gnu99;
				GCC_WARN_64_TO_32_BIT_CONVERSION = YES;
				GCC_WARN_ABOUT_RETURN_TYPE = YES_ERROR;
				GCC_WARN_UNDECLARED_SELECTOR = YES;
				GCC_WARN_UNINITIALIZED_AUTOS = YES;
				GCC_WARN_UNUSED_FUNCTION = YES;
				GCC_WARN_UNUSED_VARIABLE = YES;
				IPHONEOS_DEPLOYMENT_TARGET = 7.0;
				SDKROOT = iphoneos;
				VALIDATE_PRODUCT = YES;
			};
			name = Release;
		};
		50CF351A17E1F27B0072D883 /* Debug */ = {
			isa = XCBuildConfiguration;
			buildSettings = {
				ASSETCATALOG_COMPILER_APPICON_NAME = AppIcon;
				ASSETCATALOG_COMPILER_LAUNCHIMAGE_NAME = LaunchImage;
				GCC_PRECOMPILE_PREFIX_HEADER = YES;
				GCC_PREFIX_HEADER = "BlueCue iPhone/BlueCue iPhone-Prefix.pch";
				INFOPLIST_FILE = "BlueCue iPhone/BlueCue iPhone-Info.plist";
				PRODUCT_NAME = "$(TARGET_NAME)";
				WRAPPER_EXTENSION = app;
			};
			name = Debug;
		};
		50CF351B17E1F27B0072D883 /* Release */ = {
			isa = XCBuildConfiguration;
			buildSettings = {
				ASSETCATALOG_COMPILER_APPICON_NAME = AppIcon;
				ASSETCATALOG_COMPILER_LAUNCHIMAGE_NAME = LaunchImage;
				GCC_PRECOMPILE_PREFIX_HEADER = YES;
				GCC_PREFIX_HEADER = "BlueCue iPhone/BlueCue iPhone-Prefix.pch";
				INFOPLIST_FILE = "BlueCue iPhone/BlueCue iPhone-Info.plist";
				PRODUCT_NAME = "$(TARGET_NAME)";
				WRAPPER_EXTENSION = app;
			};
			name = Release;
		};
		50CF351D17E1F27B0072D883 /* Debug */ = {
			isa = XCBuildConfiguration;
			buildSettings = {
				ARCHS = "$(ARCHS_STANDARD_INCLUDING_64_BIT)";
				BUNDLE_LOADER = "$(BUILT_PRODUCTS_DIR)/BlueCue iPhone.app/BlueCue iPhone";
				FRAMEWORK_SEARCH_PATHS = (
					"$(SDKROOT)/Developer/Library/Frameworks",
					"$(inherited)",
					"$(DEVELOPER_FRAMEWORKS_DIR)",
				);
				GCC_PRECOMPILE_PREFIX_HEADER = YES;
				GCC_PREFIX_HEADER = "BlueCue iPhone/BlueCue iPhone-Prefix.pch";
				GCC_PREPROCESSOR_DEFINITIONS = (
					"DEBUG=1",
					"$(inherited)",
				);
				INFOPLIST_FILE = "BlueCue iPhoneTests/BlueCue iPhoneTests-Info.plist";
				PRODUCT_NAME = "$(TARGET_NAME)";
				TEST_HOST = "$(BUNDLE_LOADER)";
				WRAPPER_EXTENSION = xctest;
			};
			name = Debug;
		};
		50CF351E17E1F27B0072D883 /* Release */ = {
			isa = XCBuildConfiguration;
			buildSettings = {
				ARCHS = "$(ARCHS_STANDARD_INCLUDING_64_BIT)";
				BUNDLE_LOADER = "$(BUILT_PRODUCTS_DIR)/BlueCue iPhone.app/BlueCue iPhone";
				FRAMEWORK_SEARCH_PATHS = (
					"$(SDKROOT)/Developer/Library/Frameworks",
					"$(inherited)",
					"$(DEVELOPER_FRAMEWORKS_DIR)",
				);
				GCC_PRECOMPILE_PREFIX_HEADER = YES;
				GCC_PREFIX_HEADER = "BlueCue iPhone/BlueCue iPhone-Prefix.pch";
				INFOPLIST_FILE = "BlueCue iPhoneTests/BlueCue iPhoneTests-Info.plist";
				PRODUCT_NAME = "$(TARGET_NAME)";
				TEST_HOST = "$(BUNDLE_LOADER)";
				WRAPPER_EXTENSION = xctest;
			};
			name = Release;
		};
/* End XCBuildConfiguration section */

/* Begin XCConfigurationList section */
		50CF34E217E1F27B0072D883 /* Build configuration list for PBXProject "BlueCue iPhone" */ = {
			isa = XCConfigurationList;
			buildConfigurations = (
				50CF351717E1F27B0072D883 /* Debug */,
				50CF351817E1F27B0072D883 /* Release */,
			);
			defaultConfigurationIsVisible = 0;
			defaultConfigurationName = Release;
		};
		50CF351917E1F27B0072D883 /* Build configuration list for PBXNativeTarget "BlueCue iPhone" */ = {
			isa = XCConfigurationList;
			buildConfigurations = (
				50CF351A17E1F27B0072D883 /* Debug */,
				50CF351B17E1F27B0072D883 /* Release */,
			);
			defaultConfigurationIsVisible = 0;
		};
		50CF351C17E1F27B0072D883 /* Build configuration list for PBXNativeTarget "BlueCue iPhoneTests" */ = {
			isa = XCConfigurationList;
			buildConfigurations = (
				50CF351D17E1F27B0072D883 /* Debug */,
				50CF351E17E1F27B0072D883 /* Release */,
			);
			defaultConfigurationIsVisible = 0;
		};
/* End XCConfigurationList section */
	};
	rootObject = 50CF34DF17E1F27B0072D883 /* Project object */;
}
